// !$*UTF8*$!
{
	archiveVersion = 1;
	classes = {
	};
	objectVersion = 46;
	objects = {

/* Begin PBXBuildFile section */
		A72AB04D188A4D8100C12A74 /* Credentials.m in Sources */ = {isa = PBXBuildFile; fileRef = A72AB04C188A4D8100C12A74 /* Credentials.m */; };
		A72AB050188A82F600C12A74 /* FindFriendViewController.m in Sources */ = {isa = PBXBuildFile; fileRef = A72AB04F188A82F600C12A74 /* FindFriendViewController.m */; };
		A72AB053188A876E00C12A74 /* FindFriendCell.m in Sources */ = {isa = PBXBuildFile; fileRef = A72AB052188A876E00C12A74 /* FindFriendCell.m */; };
		A72AB056188A8D3800C12A74 /* PresenticeCache.m in Sources */ = {isa = PBXBuildFile; fileRef = A72AB055188A8D3700C12A74 /* PresenticeCache.m */; };
		A72C52C2186FF56D00DE8BEC /* Validate.m in Sources */ = {isa = PBXBuildFile; fileRef = A72C52C1186FF56D00DE8BEC /* Validate.m */; };
		A72C52C518700B1B00DE8BEC /* TakeReviewViewController.m in Sources */ = {isa = PBXBuildFile; fileRef = A72C52C418700B1A00DE8BEC /* TakeReviewViewController.m */; };
		A73D5A1418653BF700087F27 /* LoginViewController.m in Sources */ = {isa = PBXBuildFile; fileRef = A73D5A1318653BF700087F27 /* LoginViewController.m */; };
		A747D5C21882817600FD9CF7 /* MainStoryboard.storyboard in Resources */ = {isa = PBXBuildFile; fileRef = F4EECF29177C99F400778578 /* MainStoryboard.storyboard */; };
		A78E9D31185D99D900ACCC54 /* FacebookSDKResources.bundle in Resources */ = {isa = PBXBuildFile; fileRef = A78E9D2E185D99D900ACCC54 /* FacebookSDKResources.bundle */; };
		A78E9D32185D99D900ACCC54 /* FacebookSDK.framework in Frameworks */ = {isa = PBXBuildFile; fileRef = A78E9D2F185D99D900ACCC54 /* FacebookSDK.framework */; };
		A78E9D33185D99DA00ACCC54 /* Parse.framework in Frameworks */ = {isa = PBXBuildFile; fileRef = A78E9D30185D99D900ACCC54 /* Parse.framework */; };
		A78E9D35185D9E8800ACCC54 /* StoreKit.framework in Frameworks */ = {isa = PBXBuildFile; fileRef = A78E9D34185D9E8800ACCC54 /* StoreKit.framework */; };
		A78E9D37185D9E9100ACCC54 /* AdSupport.framework in Frameworks */ = {isa = PBXBuildFile; fileRef = A78E9D36185D9E9100ACCC54 /* AdSupport.framework */; };
		A78E9D39185D9E9900ACCC54 /* Social.framework in Frameworks */ = {isa = PBXBuildFile; fileRef = A78E9D38185D9E9900ACCC54 /* Social.framework */; };
		A78E9D3B185D9EAD00ACCC54 /* libsqlite3.dylib in Frameworks */ = {isa = PBXBuildFile; fileRef = A78E9D3A185D9EAD00ACCC54 /* libsqlite3.dylib */; };
		A78E9D3D185D9EB600ACCC54 /* libz.1.1.3.dylib in Frameworks */ = {isa = PBXBuildFile; fileRef = A78E9D3C185D9EB600ACCC54 /* libz.1.1.3.dylib */; };
		A78E9D3F185D9EBE00ACCC54 /* Accounts.framework in Frameworks */ = {isa = PBXBuildFile; fileRef = A78E9D3E185D9EBE00ACCC54 /* Accounts.framework */; };
		A78E9D41185D9ECE00ACCC54 /* AddressBook.framework in Frameworks */ = {isa = PBXBuildFile; fileRef = A78E9D40185D9ECE00ACCC54 /* AddressBook.framework */; };
		A78E9D43185D9ED700ACCC54 /* AddressBookUI.framework in Frameworks */ = {isa = PBXBuildFile; fileRef = A78E9D42185D9ED700ACCC54 /* AddressBookUI.framework */; };
		A78E9D45185D9EDF00ACCC54 /* MessageUI.framework in Frameworks */ = {isa = PBXBuildFile; fileRef = A78E9D44185D9EDF00ACCC54 /* MessageUI.framework */; };
		A78E9D47185D9EEF00ACCC54 /* ImageIO.framework in Frameworks */ = {isa = PBXBuildFile; fileRef = A78E9D46185D9EEF00ACCC54 /* ImageIO.framework */; };
		A78E9D49185D9F0900ACCC54 /* Security.framework in Frameworks */ = {isa = PBXBuildFile; fileRef = A78E9D48185D9F0900ACCC54 /* Security.framework */; };
		A78E9D4B185D9F1300ACCC54 /* AudioToolbox.framework in Frameworks */ = {isa = PBXBuildFile; fileRef = A78E9D4A185D9F1300ACCC54 /* AudioToolbox.framework */; };
		A78E9D4D185D9F2700ACCC54 /* SystemConfiguration.framework in Frameworks */ = {isa = PBXBuildFile; fileRef = A78E9D4C185D9F2700ACCC54 /* SystemConfiguration.framework */; };
		A78E9D4F185D9F2C00ACCC54 /* CFNetwork.framework in Frameworks */ = {isa = PBXBuildFile; fileRef = A78E9D4E185D9F2C00ACCC54 /* CFNetwork.framework */; };
		A78E9D5A185DA16B00ACCC54 /* MBProgressHUD.m in Sources */ = {isa = PBXBuildFile; fileRef = A78E9D53185DA16B00ACCC54 /* MBProgressHUD.m */; };
		A78E9D5B185DA16B00ACCC54 /* Reachability.m in Sources */ = {isa = PBXBuildFile; fileRef = A78E9D56185DA16B00ACCC54 /* Reachability.m */; settings = {COMPILER_FLAGS = "-fno-objc-arc"; }; };
		A78E9D5C185DA16B00ACCC54 /* TTTTimeIntervalFormatter.m in Sources */ = {isa = PBXBuildFile; fileRef = A78E9D59185DA16B00ACCC54 /* TTTTimeIntervalFormatter.m */; settings = {COMPILER_FLAGS = "-fno-objc-arc"; }; };
		A7E995A51867D197009E48CA /* RegisterViewController.m in Sources */ = {isa = PBXBuildFile; fileRef = A7E995A41867D197009E48CA /* RegisterViewController.m */; };
		F00006A6186BA98C00E69027 /* MessageListViewController.m in Sources */ = {isa = PBXBuildFile; fileRef = F00006A5186BA98C00E69027 /* MessageListViewController.m */; };
		F00006A9186BA9AC00E69027 /* MessageDetailViewController.m in Sources */ = {isa = PBXBuildFile; fileRef = F00006A8186BA9AC00E69027 /* MessageDetailViewController.m */; };
		F00006AD186BAA1800E69027 /* NotificationListViewController.m in Sources */ = {isa = PBXBuildFile; fileRef = F00006AC186BAA1800E69027 /* NotificationListViewController.m */; };
		F00006B8186EB9BF00E69027 /* icon_1.png in Resources */ = {isa = PBXBuildFile; fileRef = F00006B6186EB9BF00E69027 /* icon_1.png */; };
		F00006B9186EB9BF00E69027 /* icon_2.png in Resources */ = {isa = PBXBuildFile; fileRef = F00006B7186EB9BF00E69027 /* icon_2.png */; };
		F01ECFEB18850563000604C3 /* QuestionDetailViewController.m in Sources */ = {isa = PBXBuildFile; fileRef = F01ECFEA18850563000604C3 /* QuestionDetailViewController.m */; };
		F03486BC187E337A001BE459 /* FriendListViewController.m in Sources */ = {isa = PBXBuildFile; fileRef = F03486BB187E337A001BE459 /* FriendListViewController.m */; };
		F03486C4187E8C69001BE459 /* MessageFooterView.m in Sources */ = {isa = PBXBuildFile; fileRef = F03486C3187E8C69001BE459 /* MessageFooterView.m */; };
		F03486C7187E8D80001BE459 /* PresenticeUtitily.m in Sources */ = {isa = PBXBuildFile; fileRef = F03486C6187E8D80001BE459 /* PresenticeUtitily.m */; };
		F03486CF1880166D001BE459 /* PushPermissionViewController.m in Sources */ = {isa = PBXBuildFile; fileRef = F03486CE1880166D001BE459 /* PushPermissionViewController.m */; };
		F04C7733188BC01400F56126 /* ico_home.png in Resources */ = {isa = PBXBuildFile; fileRef = F04C772D188BC01400F56126 /* ico_home.png */; };
		F04C7734188BC01400F56126 /* ico_message.png in Resources */ = {isa = PBXBuildFile; fileRef = F04C772E188BC01400F56126 /* ico_message.png */; };
		F04C7735188BC01400F56126 /* ico_setting.png in Resources */ = {isa = PBXBuildFile; fileRef = F04C772F188BC01400F56126 /* ico_setting.png */; };
		F04C7740188BC12900F56126 /* ico_home_on.png in Resources */ = {isa = PBXBuildFile; fileRef = F04C7739188BC12900F56126 /* ico_home_on.png */; };
		F04C7741188BC12900F56126 /* ico_message_on.png in Resources */ = {isa = PBXBuildFile; fileRef = F04C773A188BC12900F56126 /* ico_message_on.png */; };
		F04C7743188BC12900F56126 /* ico_setting_on.png in Resources */ = {isa = PBXBuildFile; fileRef = F04C773C188BC12900F56126 /* ico_setting_on.png */; };
		F04C774D188BC3CD00F56126 /* menu_home.png in Resources */ = {isa = PBXBuildFile; fileRef = F04C7749188BC3CD00F56126 /* menu_home.png */; };
		F04C774E188BC3CD00F56126 /* menu_message.png in Resources */ = {isa = PBXBuildFile; fileRef = F04C774A188BC3CD00F56126 /* menu_message.png */; };
		F04C774F188BC3CD00F56126 /* menu_profile.png in Resources */ = {isa = PBXBuildFile; fileRef = F04C774B188BC3CD00F56126 /* menu_profile.png */; };
		F04C7750188BC3CD00F56126 /* menu_setting.png in Resources */ = {isa = PBXBuildFile; fileRef = F04C774C188BC3CD00F56126 /* menu_setting.png */; };
		F04C7755188BC3E000F56126 /* menu_home_on.png in Resources */ = {isa = PBXBuildFile; fileRef = F04C7751188BC3E000F56126 /* menu_home_on.png */; };
		F04C7756188BC3E000F56126 /* menu_message_on.png in Resources */ = {isa = PBXBuildFile; fileRef = F04C7752188BC3E000F56126 /* menu_message_on.png */; };
		F04C7757188BC3E000F56126 /* menu_profile_on.png in Resources */ = {isa = PBXBuildFile; fileRef = F04C7753188BC3E000F56126 /* menu_profile_on.png */; };
		F04C7758188BC3E000F56126 /* menu_setting_on.png in Resources */ = {isa = PBXBuildFile; fileRef = F04C7754188BC3E000F56126 /* menu_setting_on.png */; };
		F04C775A188BCC0D00F56126 /* ico_profile.png in Resources */ = {isa = PBXBuildFile; fileRef = F04C7759188BCC0D00F56126 /* ico_profile.png */; };
		F04C775C188BCC6B00F56126 /* ico_profile_on.png in Resources */ = {isa = PBXBuildFile; fileRef = F04C775B188BCC6B00F56126 /* ico_profile_on.png */; };
		F04C7776188BE96500F56126 /* Default-568h@2x.png in Resources */ = {isa = PBXBuildFile; fileRef = F04C7774188BE96500F56126 /* Default-568h@2x.png */; };
		F04C7777188BE96500F56126 /* Default@2x.png in Resources */ = {isa = PBXBuildFile; fileRef = F04C7775188BE96500F56126 /* Default@2x.png */; };
		F04C777E188BF93100F56126 /* ico_challengeList.png in Resources */ = {isa = PBXBuildFile; fileRef = F04C7779188BF93100F56126 /* ico_challengeList.png */; };
		F04C777F188BF93100F56126 /* ico_head_friendsList.png in Resources */ = {isa = PBXBuildFile; fileRef = F04C777A188BF93100F56126 /* ico_head_friendsList.png */; };
		F04C7780188BF93100F56126 /* ico_library.png in Resources */ = {isa = PBXBuildFile; fileRef = F04C777B188BF93100F56126 /* ico_library.png */; };
		F04C7781188BF93100F56126 /* ico_notification.png in Resources */ = {isa = PBXBuildFile; fileRef = F04C777C188BF93100F56126 /* ico_notification.png */; };
		F04C7782188BF93100F56126 /* ico_timeline.png in Resources */ = {isa = PBXBuildFile; fileRef = F04C777D188BF93100F56126 /* ico_timeline.png */; };
		F0578ED0187A723400573CD2 /* MyAnswerViewController.m in Sources */ = {isa = PBXBuildFile; fileRef = F0578ECF187A723400573CD2 /* MyAnswerViewController.m */; };
		F06E4BF418864EA100FB9333 /* ReviewDetailViewController.m in Sources */ = {isa = PBXBuildFile; fileRef = F06E4BF318864EA100FB9333 /* ReviewDetailViewController.m */; };
		F06E4BF71886DC9D00FB9333 /* UserProfileViewController.m in Sources */ = {isa = PBXBuildFile; fileRef = F06E4BF61886DC9D00FB9333 /* UserProfileViewController.m */; };
		F0718CB0185ABF23009014A0 /* SWRevealViewController.m in Sources */ = {isa = PBXBuildFile; fileRef = F0718CAF185ABF23009014A0 /* SWRevealViewController.m */; };
		F0718CB6185AC168009014A0 /* icon.png in Resources */ = {isa = PBXBuildFile; fileRef = F0718CB1185AC168009014A0 /* icon.png */; };
		F0718CBD185ACE27009014A0 /* Constants.m in Sources */ = {isa = PBXBuildFile; fileRef = F0718CBC185ACE27009014A0 /* Constants.m */; };
		F0718CC4185ACECC009014A0 /* QuartzCore.framework in Frameworks */ = {isa = PBXBuildFile; fileRef = F0718CC3185ACECC009014A0 /* QuartzCore.framework */; };
		F0718CC6185ACED5009014A0 /* CoreMedia.framework in Frameworks */ = {isa = PBXBuildFile; fileRef = F0718CC5185ACED5009014A0 /* CoreMedia.framework */; };
		F0718CC8185ACEDD009014A0 /* AVFoundation.framework in Frameworks */ = {isa = PBXBuildFile; fileRef = F0718CC7185ACEDD009014A0 /* AVFoundation.framework */; };
		F0718CCA185ACEE7009014A0 /* MediaPlayer.framework in Frameworks */ = {isa = PBXBuildFile; fileRef = F0718CC9185ACEE7009014A0 /* MediaPlayer.framework */; };
		F0718CCC185ACEF3009014A0 /* MobileCoreServices.framework in Frameworks */ = {isa = PBXBuildFile; fileRef = F0718CCB185ACEF3009014A0 /* MobileCoreServices.framework */; };
		F0718CCE185ACEFC009014A0 /* AssetsLibrary.framework in Frameworks */ = {isa = PBXBuildFile; fileRef = F0718CCD185ACEFC009014A0 /* AssetsLibrary.framework */; };
		F0718CD1185ACF36009014A0 /* AWSRuntime.framework in Frameworks */ = {isa = PBXBuildFile; fileRef = F0718CCF185ACF36009014A0 /* AWSRuntime.framework */; };
		F0718CD2185ACF36009014A0 /* AWSS3.framework in Frameworks */ = {isa = PBXBuildFile; fileRef = F0718CD0185ACF36009014A0 /* AWSS3.framework */; };
		F0759ABC1881C6310077D387 /* MFSideMenuContainerViewController.m in Sources */ = {isa = PBXBuildFile; fileRef = F0759AB71881C6310077D387 /* MFSideMenuContainerViewController.m */; };
		F0759ABD1881C6310077D387 /* MFSideMenuShadow.m in Sources */ = {isa = PBXBuildFile; fileRef = F0759AB91881C6310077D387 /* MFSideMenuShadow.m */; };
		F0759ABE1881C6310077D387 /* UIViewController+MFSideMenuAdditions.m in Sources */ = {isa = PBXBuildFile; fileRef = F0759ABB1881C6310077D387 /* UIViewController+MFSideMenuAdditions.m */; };
		F0759AC21881C92E0077D387 /* LeftSideMenuViewController.m in Sources */ = {isa = PBXBuildFile; fileRef = F0759AC11881C92E0077D387 /* LeftSideMenuViewController.m */; };
		F0759AC51881CB1C0077D387 /* RightSideMenuViewController.m in Sources */ = {isa = PBXBuildFile; fileRef = F0759AC41881CB1C0077D387 /* RightSideMenuViewController.m */; };
		F0A5A74A1871D9DF004E24A3 /* QuestionListViewController.m in Sources */ = {isa = PBXBuildFile; fileRef = F0A5A7491871D9DF004E24A3 /* QuestionListViewController.m */; };
		F0A5A74D187276CD004E24A3 /* MyListViewController.m in Sources */ = {isa = PBXBuildFile; fileRef = F0A5A74C187276CD004E24A3 /* MyListViewController.m */; };
		F0A5A75218729E01004E24A3 /* MainViewController.m in Sources */ = {isa = PBXBuildFile; fileRef = F0A5A75118729E01004E24A3 /* MainViewController.m */; };
		F0DDAB84187BD460002BDC67 /* VideoViewController.m in Sources */ = {isa = PBXBuildFile; fileRef = F0DDAB83187BD460002BDC67 /* VideoViewController.m */; };
		F0FA8BAF188C9F8700C688C3 /* Default.png in Resources */ = {isa = PBXBuildFile; fileRef = F0FA8BAE188C9F8700C688C3 /* Default.png */; };
		F4EECF12177C99F400778578 /* UIKit.framework in Frameworks */ = {isa = PBXBuildFile; fileRef = F4EECF11177C99F400778578 /* UIKit.framework */; };
		F4EECF14177C99F400778578 /* Foundation.framework in Frameworks */ = {isa = PBXBuildFile; fileRef = F4EECF13177C99F400778578 /* Foundation.framework */; };
		F4EECF16177C99F400778578 /* CoreGraphics.framework in Frameworks */ = {isa = PBXBuildFile; fileRef = F4EECF15177C99F400778578 /* CoreGraphics.framework */; };
		F4EECF1C177C99F400778578 /* InfoPlist.strings in Resources */ = {isa = PBXBuildFile; fileRef = F4EECF1A177C99F400778578 /* InfoPlist.strings */; };
		F4EECF1E177C99F400778578 /* main.m in Sources */ = {isa = PBXBuildFile; fileRef = F4EECF1D177C99F400778578 /* main.m */; };
		F4EECF22177C99F400778578 /* AppDelegate.m in Sources */ = {isa = PBXBuildFile; fileRef = F4EECF21177C99F400778578 /* AppDelegate.m */; };
		F4EECF4A177DF87700778578 /* SidebarViewController.m in Sources */ = {isa = PBXBuildFile; fileRef = F4EECF49177DF87700778578 /* SidebarViewController.m */; };
		F4EECF67177F4AB000778578 /* nav_bg.png in Resources */ = {isa = PBXBuildFile; fileRef = F4EECF65177F4AB000778578 /* nav_bg.png */; };
		F4EECF6A177F4C0200778578 /* menu.png in Resources */ = {isa = PBXBuildFile; fileRef = F4EECF68177F4C0200778578 /* menu.png */; };
		F4EECF6B177F4C0200778578 /* menu@2x.png in Resources */ = {isa = PBXBuildFile; fileRef = F4EECF69177F4C0200778578 /* menu@2x.png */; };
		F4EECF6E177FD51400778578 /* ShareViewController.m in Sources */ = {isa = PBXBuildFile; fileRef = F4EECF6D177FD51300778578 /* ShareViewController.m */; };
		F4EECF70177FE9B400778578 /* CoreLocation.framework in Frameworks */ = {isa = PBXBuildFile; fileRef = F4EECF6F177FE9B400778578 /* CoreLocation.framework */; };
		F4EECF72177FE9BA00778578 /* MapKit.framework in Frameworks */ = {isa = PBXBuildFile; fileRef = F4EECF71177FE9BA00778578 /* MapKit.framework */; };
		F4EECF75177FF90600778578 /* SettingViewController.m in Sources */ = {isa = PBXBuildFile; fileRef = F4EECF74177FF90600778578 /* SettingViewController.m */; };
/* End PBXBuildFile section */

/* Begin PBXFileReference section */
		A72AB04B188A4D8100C12A74 /* Credentials.h */ = {isa = PBXFileReference; fileEncoding = 4; lastKnownFileType = sourcecode.c.h; path = Credentials.h; sourceTree = "<group>"; };
		A72AB04C188A4D8100C12A74 /* Credentials.m */ = {isa = PBXFileReference; fileEncoding = 4; lastKnownFileType = sourcecode.c.objc; path = Credentials.m; sourceTree = "<group>"; };
		A72AB04E188A82F600C12A74 /* FindFriendViewController.h */ = {isa = PBXFileReference; fileEncoding = 4; lastKnownFileType = sourcecode.c.h; path = FindFriendViewController.h; sourceTree = "<group>"; };
		A72AB04F188A82F600C12A74 /* FindFriendViewController.m */ = {isa = PBXFileReference; fileEncoding = 4; lastKnownFileType = sourcecode.c.objc; path = FindFriendViewController.m; sourceTree = "<group>"; };
		A72AB051188A876E00C12A74 /* FindFriendCell.h */ = {isa = PBXFileReference; fileEncoding = 4; lastKnownFileType = sourcecode.c.h; path = FindFriendCell.h; sourceTree = "<group>"; };
		A72AB052188A876E00C12A74 /* FindFriendCell.m */ = {isa = PBXFileReference; fileEncoding = 4; lastKnownFileType = sourcecode.c.objc; path = FindFriendCell.m; sourceTree = "<group>"; };
		A72AB054188A8D3700C12A74 /* PresenticeCache.h */ = {isa = PBXFileReference; fileEncoding = 4; lastKnownFileType = sourcecode.c.h; path = PresenticeCache.h; sourceTree = "<group>"; };
		A72AB055188A8D3700C12A74 /* PresenticeCache.m */ = {isa = PBXFileReference; fileEncoding = 4; lastKnownFileType = sourcecode.c.objc; path = PresenticeCache.m; sourceTree = "<group>"; };
		A72C52C0186FF56D00DE8BEC /* Validate.h */ = {isa = PBXFileReference; fileEncoding = 4; lastKnownFileType = sourcecode.c.h; path = Validate.h; sourceTree = "<group>"; };
		A72C52C1186FF56D00DE8BEC /* Validate.m */ = {isa = PBXFileReference; fileEncoding = 4; lastKnownFileType = sourcecode.c.objc; path = Validate.m; sourceTree = "<group>"; };
		A72C52C318700B1A00DE8BEC /* TakeReviewViewController.h */ = {isa = PBXFileReference; fileEncoding = 4; lastKnownFileType = sourcecode.c.h; path = TakeReviewViewController.h; sourceTree = "<group>"; };
		A72C52C418700B1A00DE8BEC /* TakeReviewViewController.m */ = {isa = PBXFileReference; fileEncoding = 4; lastKnownFileType = sourcecode.c.objc; path = TakeReviewViewController.m; sourceTree = "<group>"; };
		A73D5A1218653BF700087F27 /* LoginViewController.h */ = {isa = PBXFileReference; fileEncoding = 4; lastKnownFileType = sourcecode.c.h; path = LoginViewController.h; sourceTree = "<group>"; };
		A73D5A1318653BF700087F27 /* LoginViewController.m */ = {isa = PBXFileReference; fileEncoding = 4; lastKnownFileType = sourcecode.c.objc; path = LoginViewController.m; sourceTree = "<group>"; };
		A78E9D2E185D99D900ACCC54 /* FacebookSDKResources.bundle */ = {isa = PBXFileReference; lastKnownFileType = "wrapper.plug-in"; name = FacebookSDKResources.bundle; path = External/FacebookSDKResources.bundle; sourceTree = "<group>"; };
		A78E9D2F185D99D900ACCC54 /* FacebookSDK.framework */ = {isa = PBXFileReference; lastKnownFileType = wrapper.framework; name = FacebookSDK.framework; path = External/FacebookSDK.framework; sourceTree = "<group>"; };
		A78E9D30185D99D900ACCC54 /* Parse.framework */ = {isa = PBXFileReference; lastKnownFileType = wrapper.framework; name = Parse.framework; path = External/Parse.framework; sourceTree = "<group>"; };
		A78E9D34185D9E8800ACCC54 /* StoreKit.framework */ = {isa = PBXFileReference; lastKnownFileType = wrapper.framework; name = StoreKit.framework; path = System/Library/Frameworks/StoreKit.framework; sourceTree = SDKROOT; };
		A78E9D36185D9E9100ACCC54 /* AdSupport.framework */ = {isa = PBXFileReference; lastKnownFileType = wrapper.framework; name = AdSupport.framework; path = System/Library/Frameworks/AdSupport.framework; sourceTree = SDKROOT; };
		A78E9D38185D9E9900ACCC54 /* Social.framework */ = {isa = PBXFileReference; lastKnownFileType = wrapper.framework; name = Social.framework; path = System/Library/Frameworks/Social.framework; sourceTree = SDKROOT; };
		A78E9D3A185D9EAD00ACCC54 /* libsqlite3.dylib */ = {isa = PBXFileReference; lastKnownFileType = "compiled.mach-o.dylib"; name = libsqlite3.dylib; path = usr/lib/libsqlite3.dylib; sourceTree = SDKROOT; };
		A78E9D3C185D9EB600ACCC54 /* libz.1.1.3.dylib */ = {isa = PBXFileReference; lastKnownFileType = "compiled.mach-o.dylib"; name = libz.1.1.3.dylib; path = usr/lib/libz.1.1.3.dylib; sourceTree = SDKROOT; };
		A78E9D3E185D9EBE00ACCC54 /* Accounts.framework */ = {isa = PBXFileReference; lastKnownFileType = wrapper.framework; name = Accounts.framework; path = System/Library/Frameworks/Accounts.framework; sourceTree = SDKROOT; };
		A78E9D40185D9ECE00ACCC54 /* AddressBook.framework */ = {isa = PBXFileReference; lastKnownFileType = wrapper.framework; name = AddressBook.framework; path = System/Library/Frameworks/AddressBook.framework; sourceTree = SDKROOT; };
		A78E9D42185D9ED700ACCC54 /* AddressBookUI.framework */ = {isa = PBXFileReference; lastKnownFileType = wrapper.framework; name = AddressBookUI.framework; path = System/Library/Frameworks/AddressBookUI.framework; sourceTree = SDKROOT; };
		A78E9D44185D9EDF00ACCC54 /* MessageUI.framework */ = {isa = PBXFileReference; lastKnownFileType = wrapper.framework; name = MessageUI.framework; path = System/Library/Frameworks/MessageUI.framework; sourceTree = SDKROOT; };
		A78E9D46185D9EEF00ACCC54 /* ImageIO.framework */ = {isa = PBXFileReference; lastKnownFileType = wrapper.framework; name = ImageIO.framework; path = System/Library/Frameworks/ImageIO.framework; sourceTree = SDKROOT; };
		A78E9D48185D9F0900ACCC54 /* Security.framework */ = {isa = PBXFileReference; lastKnownFileType = wrapper.framework; name = Security.framework; path = System/Library/Frameworks/Security.framework; sourceTree = SDKROOT; };
		A78E9D4A185D9F1300ACCC54 /* AudioToolbox.framework */ = {isa = PBXFileReference; lastKnownFileType = wrapper.framework; name = AudioToolbox.framework; path = System/Library/Frameworks/AudioToolbox.framework; sourceTree = SDKROOT; };
		A78E9D4C185D9F2700ACCC54 /* SystemConfiguration.framework */ = {isa = PBXFileReference; lastKnownFileType = wrapper.framework; name = SystemConfiguration.framework; path = System/Library/Frameworks/SystemConfiguration.framework; sourceTree = SDKROOT; };
		A78E9D4E185D9F2C00ACCC54 /* CFNetwork.framework */ = {isa = PBXFileReference; lastKnownFileType = wrapper.framework; name = CFNetwork.framework; path = System/Library/Frameworks/CFNetwork.framework; sourceTree = SDKROOT; };
		A78E9D52185DA16B00ACCC54 /* MBProgressHUD.h */ = {isa = PBXFileReference; fileEncoding = 4; lastKnownFileType = sourcecode.c.h; path = MBProgressHUD.h; sourceTree = "<group>"; };
		A78E9D53185DA16B00ACCC54 /* MBProgressHUD.m */ = {isa = PBXFileReference; fileEncoding = 4; lastKnownFileType = sourcecode.c.objc; path = MBProgressHUD.m; sourceTree = "<group>"; };
		A78E9D55185DA16B00ACCC54 /* Reachability.h */ = {isa = PBXFileReference; fileEncoding = 4; lastKnownFileType = sourcecode.c.h; path = Reachability.h; sourceTree = "<group>"; };
		A78E9D56185DA16B00ACCC54 /* Reachability.m */ = {isa = PBXFileReference; fileEncoding = 4; lastKnownFileType = sourcecode.c.objc; path = Reachability.m; sourceTree = "<group>"; };
		A78E9D58185DA16B00ACCC54 /* TTTTimeIntervalFormatter.h */ = {isa = PBXFileReference; fileEncoding = 4; lastKnownFileType = sourcecode.c.h; path = TTTTimeIntervalFormatter.h; sourceTree = "<group>"; };
		A78E9D59185DA16B00ACCC54 /* TTTTimeIntervalFormatter.m */ = {isa = PBXFileReference; fileEncoding = 4; lastKnownFileType = sourcecode.c.objc; path = TTTTimeIntervalFormatter.m; sourceTree = "<group>"; };
		A7E995A31867D196009E48CA /* RegisterViewController.h */ = {isa = PBXFileReference; fileEncoding = 4; lastKnownFileType = sourcecode.c.h; path = RegisterViewController.h; sourceTree = "<group>"; };
		A7E995A41867D197009E48CA /* RegisterViewController.m */ = {isa = PBXFileReference; fileEncoding = 4; lastKnownFileType = sourcecode.c.objc; path = RegisterViewController.m; sourceTree = "<group>"; };
		F00006A4186BA98C00E69027 /* MessageListViewController.h */ = {isa = PBXFileReference; fileEncoding = 4; lastKnownFileType = sourcecode.c.h; path = MessageListViewController.h; sourceTree = "<group>"; };
		F00006A5186BA98C00E69027 /* MessageListViewController.m */ = {isa = PBXFileReference; fileEncoding = 4; lastKnownFileType = sourcecode.c.objc; path = MessageListViewController.m; sourceTree = "<group>"; };
		F00006A7186BA9AC00E69027 /* MessageDetailViewController.h */ = {isa = PBXFileReference; fileEncoding = 4; lastKnownFileType = sourcecode.c.h; path = MessageDetailViewController.h; sourceTree = "<group>"; };
		F00006A8186BA9AC00E69027 /* MessageDetailViewController.m */ = {isa = PBXFileReference; fileEncoding = 4; lastKnownFileType = sourcecode.c.objc; path = MessageDetailViewController.m; sourceTree = "<group>"; };
		F00006AB186BAA1800E69027 /* NotificationListViewController.h */ = {isa = PBXFileReference; fileEncoding = 4; lastKnownFileType = sourcecode.c.h; path = NotificationListViewController.h; sourceTree = "<group>"; };
		F00006AC186BAA1800E69027 /* NotificationListViewController.m */ = {isa = PBXFileReference; fileEncoding = 4; lastKnownFileType = sourcecode.c.objc; path = NotificationListViewController.m; sourceTree = "<group>"; };
		F00006B6186EB9BF00E69027 /* icon_1.png */ = {isa = PBXFileReference; lastKnownFileType = image.png; path = icon_1.png; sourceTree = "<group>"; };
		F00006B7186EB9BF00E69027 /* icon_2.png */ = {isa = PBXFileReference; lastKnownFileType = image.png; path = icon_2.png; sourceTree = "<group>"; };
		F01ECFE918850563000604C3 /* QuestionDetailViewController.h */ = {isa = PBXFileReference; fileEncoding = 4; lastKnownFileType = sourcecode.c.h; path = QuestionDetailViewController.h; sourceTree = "<group>"; };
		F01ECFEA18850563000604C3 /* QuestionDetailViewController.m */ = {isa = PBXFileReference; fileEncoding = 4; lastKnownFileType = sourcecode.c.objc; path = QuestionDetailViewController.m; sourceTree = "<group>"; };
		F03486BA187E337A001BE459 /* FriendListViewController.h */ = {isa = PBXFileReference; fileEncoding = 4; lastKnownFileType = sourcecode.c.h; path = FriendListViewController.h; sourceTree = "<group>"; };
		F03486BB187E337A001BE459 /* FriendListViewController.m */ = {isa = PBXFileReference; fileEncoding = 4; lastKnownFileType = sourcecode.c.objc; path = FriendListViewController.m; sourceTree = "<group>"; };
		F03486C2187E8C69001BE459 /* MessageFooterView.h */ = {isa = PBXFileReference; fileEncoding = 4; lastKnownFileType = sourcecode.c.h; path = MessageFooterView.h; sourceTree = "<group>"; };
		F03486C3187E8C69001BE459 /* MessageFooterView.m */ = {isa = PBXFileReference; fileEncoding = 4; lastKnownFileType = sourcecode.c.objc; path = MessageFooterView.m; sourceTree = "<group>"; };
		F03486C5187E8D80001BE459 /* PresenticeUtitily.h */ = {isa = PBXFileReference; fileEncoding = 4; lastKnownFileType = sourcecode.c.h; path = PresenticeUtitily.h; sourceTree = "<group>"; };
		F03486C6187E8D80001BE459 /* PresenticeUtitily.m */ = {isa = PBXFileReference; fileEncoding = 4; lastKnownFileType = sourcecode.c.objc; path = PresenticeUtitily.m; sourceTree = "<group>"; };
		F03486CD1880166D001BE459 /* PushPermissionViewController.h */ = {isa = PBXFileReference; fileEncoding = 4; lastKnownFileType = sourcecode.c.h; path = PushPermissionViewController.h; sourceTree = "<group>"; };
		F03486CE1880166D001BE459 /* PushPermissionViewController.m */ = {isa = PBXFileReference; fileEncoding = 4; lastKnownFileType = sourcecode.c.objc; path = PushPermissionViewController.m; sourceTree = "<group>"; };
		F04C772D188BC01400F56126 /* ico_home.png */ = {isa = PBXFileReference; lastKnownFileType = image.png; path = ico_home.png; sourceTree = "<group>"; };
		F04C772E188BC01400F56126 /* ico_message.png */ = {isa = PBXFileReference; lastKnownFileType = image.png; path = ico_message.png; sourceTree = "<group>"; };
		F04C772F188BC01400F56126 /* ico_setting.png */ = {isa = PBXFileReference; lastKnownFileType = image.png; path = ico_setting.png; sourceTree = "<group>"; };
		F04C7739188BC12900F56126 /* ico_home_on.png */ = {isa = PBXFileReference; lastKnownFileType = image.png; path = ico_home_on.png; sourceTree = "<group>"; };
		F04C773A188BC12900F56126 /* ico_message_on.png */ = {isa = PBXFileReference; lastKnownFileType = image.png; path = ico_message_on.png; sourceTree = "<group>"; };
		F04C773C188BC12900F56126 /* ico_setting_on.png */ = {isa = PBXFileReference; lastKnownFileType = image.png; path = ico_setting_on.png; sourceTree = "<group>"; };
		F04C7749188BC3CD00F56126 /* menu_home.png */ = {isa = PBXFileReference; lastKnownFileType = image.png; path = menu_home.png; sourceTree = "<group>"; };
		F04C774A188BC3CD00F56126 /* menu_message.png */ = {isa = PBXFileReference; lastKnownFileType = image.png; path = menu_message.png; sourceTree = "<group>"; };
		F04C774B188BC3CD00F56126 /* menu_profile.png */ = {isa = PBXFileReference; lastKnownFileType = image.png; path = menu_profile.png; sourceTree = "<group>"; };
		F04C774C188BC3CD00F56126 /* menu_setting.png */ = {isa = PBXFileReference; lastKnownFileType = image.png; path = menu_setting.png; sourceTree = "<group>"; };
		F04C7751188BC3E000F56126 /* menu_home_on.png */ = {isa = PBXFileReference; lastKnownFileType = image.png; path = menu_home_on.png; sourceTree = "<group>"; };
		F04C7752188BC3E000F56126 /* menu_message_on.png */ = {isa = PBXFileReference; lastKnownFileType = image.png; path = menu_message_on.png; sourceTree = "<group>"; };
		F04C7753188BC3E000F56126 /* menu_profile_on.png */ = {isa = PBXFileReference; lastKnownFileType = image.png; path = menu_profile_on.png; sourceTree = "<group>"; };
		F04C7754188BC3E000F56126 /* menu_setting_on.png */ = {isa = PBXFileReference; lastKnownFileType = image.png; path = menu_setting_on.png; sourceTree = "<group>"; };
		F04C7759188BCC0D00F56126 /* ico_profile.png */ = {isa = PBXFileReference; lastKnownFileType = image.png; path = ico_profile.png; sourceTree = "<group>"; };
		F04C775B188BCC6B00F56126 /* ico_profile_on.png */ = {isa = PBXFileReference; lastKnownFileType = image.png; path = ico_profile_on.png; sourceTree = "<group>"; };
		F04C7774188BE96500F56126 /* Default-568h@2x.png */ = {isa = PBXFileReference; lastKnownFileType = image.png; path = "Default-568h@2x.png"; sourceTree = "<group>"; };
		F04C7775188BE96500F56126 /* Default@2x.png */ = {isa = PBXFileReference; lastKnownFileType = image.png; path = "Default@2x.png"; sourceTree = "<group>"; };
		F04C7779188BF93100F56126 /* ico_challengeList.png */ = {isa = PBXFileReference; lastKnownFileType = image.png; path = ico_challengeList.png; sourceTree = "<group>"; };
		F04C777A188BF93100F56126 /* ico_head_friendsList.png */ = {isa = PBXFileReference; lastKnownFileType = image.png; path = ico_head_friendsList.png; sourceTree = "<group>"; };
		F04C777B188BF93100F56126 /* ico_library.png */ = {isa = PBXFileReference; lastKnownFileType = image.png; path = ico_library.png; sourceTree = "<group>"; };
		F04C777C188BF93100F56126 /* ico_notification.png */ = {isa = PBXFileReference; lastKnownFileType = image.png; path = ico_notification.png; sourceTree = "<group>"; };
		F04C777D188BF93100F56126 /* ico_timeline.png */ = {isa = PBXFileReference; lastKnownFileType = image.png; path = ico_timeline.png; sourceTree = "<group>"; };
		F0578ECE187A723400573CD2 /* MyAnswerViewController.h */ = {isa = PBXFileReference; fileEncoding = 4; lastKnownFileType = sourcecode.c.h; path = MyAnswerViewController.h; sourceTree = "<group>"; };
		F0578ECF187A723400573CD2 /* MyAnswerViewController.m */ = {isa = PBXFileReference; fileEncoding = 4; lastKnownFileType = sourcecode.c.objc; path = MyAnswerViewController.m; sourceTree = "<group>"; };
		F06E4BF218864EA100FB9333 /* ReviewDetailViewController.h */ = {isa = PBXFileReference; fileEncoding = 4; lastKnownFileType = sourcecode.c.h; path = ReviewDetailViewController.h; sourceTree = "<group>"; };
		F06E4BF318864EA100FB9333 /* ReviewDetailViewController.m */ = {isa = PBXFileReference; fileEncoding = 4; lastKnownFileType = sourcecode.c.objc; path = ReviewDetailViewController.m; sourceTree = "<group>"; };
		F06E4BF51886DC9D00FB9333 /* UserProfileViewController.h */ = {isa = PBXFileReference; fileEncoding = 4; lastKnownFileType = sourcecode.c.h; path = UserProfileViewController.h; sourceTree = "<group>"; };
		F06E4BF61886DC9D00FB9333 /* UserProfileViewController.m */ = {isa = PBXFileReference; fileEncoding = 4; lastKnownFileType = sourcecode.c.objc; path = UserProfileViewController.m; sourceTree = "<group>"; };
		F0718CAE185ABF23009014A0 /* SWRevealViewController.h */ = {isa = PBXFileReference; fileEncoding = 4; lastKnownFileType = sourcecode.c.h; path = SWRevealViewController.h; sourceTree = "<group>"; };
		F0718CAF185ABF23009014A0 /* SWRevealViewController.m */ = {isa = PBXFileReference; fileEncoding = 4; lastKnownFileType = sourcecode.c.objc; path = SWRevealViewController.m; sourceTree = "<group>"; };
		F0718CB1185AC168009014A0 /* icon.png */ = {isa = PBXFileReference; lastKnownFileType = image.png; path = icon.png; sourceTree = "<group>"; };
		F0718CBB185ACE27009014A0 /* Constants.h */ = {isa = PBXFileReference; fileEncoding = 4; lastKnownFileType = sourcecode.c.h; path = Constants.h; sourceTree = "<group>"; };
		F0718CBC185ACE27009014A0 /* Constants.m */ = {isa = PBXFileReference; fileEncoding = 4; lastKnownFileType = sourcecode.c.objc; path = Constants.m; sourceTree = "<group>"; };
		F0718CC3185ACECC009014A0 /* QuartzCore.framework */ = {isa = PBXFileReference; lastKnownFileType = wrapper.framework; name = QuartzCore.framework; path = System/Library/Frameworks/QuartzCore.framework; sourceTree = SDKROOT; };
		F0718CC5185ACED5009014A0 /* CoreMedia.framework */ = {isa = PBXFileReference; lastKnownFileType = wrapper.framework; name = CoreMedia.framework; path = System/Library/Frameworks/CoreMedia.framework; sourceTree = SDKROOT; };
		F0718CC7185ACEDD009014A0 /* AVFoundation.framework */ = {isa = PBXFileReference; lastKnownFileType = wrapper.framework; name = AVFoundation.framework; path = System/Library/Frameworks/AVFoundation.framework; sourceTree = SDKROOT; };
		F0718CC9185ACEE7009014A0 /* MediaPlayer.framework */ = {isa = PBXFileReference; lastKnownFileType = wrapper.framework; name = MediaPlayer.framework; path = System/Library/Frameworks/MediaPlayer.framework; sourceTree = SDKROOT; };
		F0718CCB185ACEF3009014A0 /* MobileCoreServices.framework */ = {isa = PBXFileReference; lastKnownFileType = wrapper.framework; name = MobileCoreServices.framework; path = System/Library/Frameworks/MobileCoreServices.framework; sourceTree = SDKROOT; };
		F0718CCD185ACEFC009014A0 /* AssetsLibrary.framework */ = {isa = PBXFileReference; lastKnownFileType = wrapper.framework; name = AssetsLibrary.framework; path = System/Library/Frameworks/AssetsLibrary.framework; sourceTree = SDKROOT; };
		F0718CCF185ACF36009014A0 /* AWSRuntime.framework */ = {isa = PBXFileReference; lastKnownFileType = wrapper.framework; name = AWSRuntime.framework; path = External/AWSRuntime.framework; sourceTree = "<group>"; };
		F0718CD0185ACF36009014A0 /* AWSS3.framework */ = {isa = PBXFileReference; lastKnownFileType = wrapper.framework; name = AWSS3.framework; path = External/AWSS3.framework; sourceTree = "<group>"; };
		F0759AB51881C6310077D387 /* MFSideMenu.h */ = {isa = PBXFileReference; fileEncoding = 4; lastKnownFileType = sourcecode.c.h; path = MFSideMenu.h; sourceTree = "<group>"; };
		F0759AB61881C6310077D387 /* MFSideMenuContainerViewController.h */ = {isa = PBXFileReference; fileEncoding = 4; lastKnownFileType = sourcecode.c.h; path = MFSideMenuContainerViewController.h; sourceTree = "<group>"; };
		F0759AB71881C6310077D387 /* MFSideMenuContainerViewController.m */ = {isa = PBXFileReference; fileEncoding = 4; lastKnownFileType = sourcecode.c.objc; path = MFSideMenuContainerViewController.m; sourceTree = "<group>"; };
		F0759AB81881C6310077D387 /* MFSideMenuShadow.h */ = {isa = PBXFileReference; fileEncoding = 4; lastKnownFileType = sourcecode.c.h; path = MFSideMenuShadow.h; sourceTree = "<group>"; };
		F0759AB91881C6310077D387 /* MFSideMenuShadow.m */ = {isa = PBXFileReference; fileEncoding = 4; lastKnownFileType = sourcecode.c.objc; path = MFSideMenuShadow.m; sourceTree = "<group>"; };
		F0759ABA1881C6310077D387 /* UIViewController+MFSideMenuAdditions.h */ = {isa = PBXFileReference; fileEncoding = 4; lastKnownFileType = sourcecode.c.h; path = "UIViewController+MFSideMenuAdditions.h"; sourceTree = "<group>"; };
		F0759ABB1881C6310077D387 /* UIViewController+MFSideMenuAdditions.m */ = {isa = PBXFileReference; fileEncoding = 4; lastKnownFileType = sourcecode.c.objc; path = "UIViewController+MFSideMenuAdditions.m"; sourceTree = "<group>"; };
		F0759AC01881C92E0077D387 /* LeftSideMenuViewController.h */ = {isa = PBXFileReference; fileEncoding = 4; lastKnownFileType = sourcecode.c.h; path = LeftSideMenuViewController.h; sourceTree = "<group>"; };
		F0759AC11881C92E0077D387 /* LeftSideMenuViewController.m */ = {isa = PBXFileReference; fileEncoding = 4; lastKnownFileType = sourcecode.c.objc; path = LeftSideMenuViewController.m; sourceTree = "<group>"; };
		F0759AC31881CB1C0077D387 /* RightSideMenuViewController.h */ = {isa = PBXFileReference; fileEncoding = 4; lastKnownFileType = sourcecode.c.h; path = RightSideMenuViewController.h; sourceTree = "<group>"; };
		F0759AC41881CB1C0077D387 /* RightSideMenuViewController.m */ = {isa = PBXFileReference; fileEncoding = 4; lastKnownFileType = sourcecode.c.objc; path = RightSideMenuViewController.m; sourceTree = "<group>"; };
		F09EBCE118694164009C2BC9 /* SettingViewController.h */ = {isa = PBXFileReference; lastKnownFileType = sourcecode.c.h; path = SettingViewController.h; sourceTree = "<group>"; };
		F0A5A7481871D9DF004E24A3 /* QuestionListViewController.h */ = {isa = PBXFileReference; fileEncoding = 4; lastKnownFileType = sourcecode.c.h; path = QuestionListViewController.h; sourceTree = "<group>"; };
		F0A5A7491871D9DF004E24A3 /* QuestionListViewController.m */ = {isa = PBXFileReference; fileEncoding = 4; lastKnownFileType = sourcecode.c.objc; path = QuestionListViewController.m; sourceTree = "<group>"; };
		F0A5A74B187276CD004E24A3 /* MyListViewController.h */ = {isa = PBXFileReference; fileEncoding = 4; lastKnownFileType = sourcecode.c.h; path = MyListViewController.h; sourceTree = "<group>"; };
		F0A5A74C187276CD004E24A3 /* MyListViewController.m */ = {isa = PBXFileReference; fileEncoding = 4; lastKnownFileType = sourcecode.c.objc; path = MyListViewController.m; sourceTree = "<group>"; };
		F0A5A75018729E01004E24A3 /* MainViewController.h */ = {isa = PBXFileReference; fileEncoding = 4; lastKnownFileType = sourcecode.c.h; path = MainViewController.h; sourceTree = "<group>"; };
		F0A5A75118729E01004E24A3 /* MainViewController.m */ = {isa = PBXFileReference; fileEncoding = 4; lastKnownFileType = sourcecode.c.objc; path = MainViewController.m; sourceTree = "<group>"; };
		F0DDAB82187BD460002BDC67 /* VideoViewController.h */ = {isa = PBXFileReference; fileEncoding = 4; lastKnownFileType = sourcecode.c.h; path = VideoViewController.h; sourceTree = "<group>"; };
		F0DDAB83187BD460002BDC67 /* VideoViewController.m */ = {isa = PBXFileReference; fileEncoding = 4; lastKnownFileType = sourcecode.c.objc; path = VideoViewController.m; sourceTree = "<group>"; };
		F0FA8BAE188C9F8700C688C3 /* Default.png */ = {isa = PBXFileReference; lastKnownFileType = image.png; path = Default.png; sourceTree = "<group>"; };
		F4EECF0E177C99F400778578 /* Presentice.app */ = {isa = PBXFileReference; explicitFileType = wrapper.application; includeInIndex = 0; path = Presentice.app; sourceTree = BUILT_PRODUCTS_DIR; };
		F4EECF11177C99F400778578 /* UIKit.framework */ = {isa = PBXFileReference; lastKnownFileType = wrapper.framework; name = UIKit.framework; path = System/Library/Frameworks/UIKit.framework; sourceTree = SDKROOT; };
		F4EECF13177C99F400778578 /* Foundation.framework */ = {isa = PBXFileReference; lastKnownFileType = wrapper.framework; name = Foundation.framework; path = System/Library/Frameworks/Foundation.framework; sourceTree = SDKROOT; };
		F4EECF15177C99F400778578 /* CoreGraphics.framework */ = {isa = PBXFileReference; lastKnownFileType = wrapper.framework; name = CoreGraphics.framework; path = System/Library/Frameworks/CoreGraphics.framework; sourceTree = SDKROOT; };
		F4EECF19177C99F400778578 /* Presentice-Info.plist */ = {isa = PBXFileReference; lastKnownFileType = text.plist.xml; path = "Presentice-Info.plist"; sourceTree = "<group>"; };
		F4EECF1B177C99F400778578 /* en */ = {isa = PBXFileReference; lastKnownFileType = text.plist.strings; name = en; path = en.lproj/InfoPlist.strings; sourceTree = "<group>"; };
		F4EECF1D177C99F400778578 /* main.m */ = {isa = PBXFileReference; lastKnownFileType = sourcecode.c.objc; path = main.m; sourceTree = "<group>"; };
		F4EECF1F177C99F400778578 /* Presentice-Prefix.pch */ = {isa = PBXFileReference; lastKnownFileType = sourcecode.c.h; path = "Presentice-Prefix.pch"; sourceTree = "<group>"; };
		F4EECF20177C99F400778578 /* AppDelegate.h */ = {isa = PBXFileReference; lastKnownFileType = sourcecode.c.h; path = AppDelegate.h; sourceTree = "<group>"; };
		F4EECF21177C99F400778578 /* AppDelegate.m */ = {isa = PBXFileReference; lastKnownFileType = sourcecode.c.objc; path = AppDelegate.m; sourceTree = "<group>"; };
		F4EECF2A177C99F400778578 /* en */ = {isa = PBXFileReference; lastKnownFileType = file.storyboard; name = en; path = en.lproj/MainStoryboard.storyboard; sourceTree = "<group>"; };
		F4EECF48177DF87700778578 /* SidebarViewController.h */ = {isa = PBXFileReference; fileEncoding = 4; lastKnownFileType = sourcecode.c.h; path = SidebarViewController.h; sourceTree = "<group>"; };
		F4EECF49177DF87700778578 /* SidebarViewController.m */ = {isa = PBXFileReference; fileEncoding = 4; lastKnownFileType = sourcecode.c.objc; path = SidebarViewController.m; sourceTree = "<group>"; };
		F4EECF65177F4AB000778578 /* nav_bg.png */ = {isa = PBXFileReference; lastKnownFileType = image.png; path = nav_bg.png; sourceTree = "<group>"; };
		F4EECF68177F4C0200778578 /* menu.png */ = {isa = PBXFileReference; lastKnownFileType = image.png; path = menu.png; sourceTree = "<group>"; };
		F4EECF69177F4C0200778578 /* menu@2x.png */ = {isa = PBXFileReference; lastKnownFileType = image.png; path = "menu@2x.png"; sourceTree = "<group>"; };
		F4EECF6C177FD51300778578 /* ShareViewController.h */ = {isa = PBXFileReference; fileEncoding = 4; lastKnownFileType = sourcecode.c.h; path = ShareViewController.h; sourceTree = "<group>"; };
		F4EECF6D177FD51300778578 /* ShareViewController.m */ = {isa = PBXFileReference; fileEncoding = 4; lastKnownFileType = sourcecode.c.objc; path = ShareViewController.m; sourceTree = "<group>"; };
		F4EECF6F177FE9B400778578 /* CoreLocation.framework */ = {isa = PBXFileReference; lastKnownFileType = wrapper.framework; name = CoreLocation.framework; path = System/Library/Frameworks/CoreLocation.framework; sourceTree = SDKROOT; };
		F4EECF71177FE9BA00778578 /* MapKit.framework */ = {isa = PBXFileReference; lastKnownFileType = wrapper.framework; name = MapKit.framework; path = System/Library/Frameworks/MapKit.framework; sourceTree = SDKROOT; };
		F4EECF74177FF90600778578 /* SettingViewController.m */ = {isa = PBXFileReference; fileEncoding = 4; lastKnownFileType = sourcecode.c.objc; path = SettingViewController.m; sourceTree = "<group>"; };
/* End PBXFileReference section */

/* Begin PBXFrameworksBuildPhase section */
		F4EECF0B177C99F400778578 /* Frameworks */ = {
			isa = PBXFrameworksBuildPhase;
			buildActionMask = 2147483647;
			files = (
				A78E9D4F185D9F2C00ACCC54 /* CFNetwork.framework in Frameworks */,
				A78E9D4D185D9F2700ACCC54 /* SystemConfiguration.framework in Frameworks */,
				F0718CCC185ACEF3009014A0 /* MobileCoreServices.framework in Frameworks */,
				A78E9D4B185D9F1300ACCC54 /* AudioToolbox.framework in Frameworks */,
				A78E9D49185D9F0900ACCC54 /* Security.framework in Frameworks */,
				F0718CC4185ACECC009014A0 /* QuartzCore.framework in Frameworks */,
				F0718CC8185ACEDD009014A0 /* AVFoundation.framework in Frameworks */,
				A78E9D47185D9EEF00ACCC54 /* ImageIO.framework in Frameworks */,
				F4EECF70177FE9B400778578 /* CoreLocation.framework in Frameworks */,
				A78E9D45185D9EDF00ACCC54 /* MessageUI.framework in Frameworks */,
				A78E9D43185D9ED700ACCC54 /* AddressBookUI.framework in Frameworks */,
				A78E9D41185D9ECE00ACCC54 /* AddressBook.framework in Frameworks */,
				A78E9D3F185D9EBE00ACCC54 /* Accounts.framework in Frameworks */,
				A78E9D3D185D9EB600ACCC54 /* libz.1.1.3.dylib in Frameworks */,
				A78E9D3B185D9EAD00ACCC54 /* libsqlite3.dylib in Frameworks */,
				A78E9D39185D9E9900ACCC54 /* Social.framework in Frameworks */,
				A78E9D37185D9E9100ACCC54 /* AdSupport.framework in Frameworks */,
				A78E9D35185D9E8800ACCC54 /* StoreKit.framework in Frameworks */,
				F0718CCE185ACEFC009014A0 /* AssetsLibrary.framework in Frameworks */,
				F0718CCA185ACEE7009014A0 /* MediaPlayer.framework in Frameworks */,
				F0718CD1185ACF36009014A0 /* AWSRuntime.framework in Frameworks */,
				F0718CC6185ACED5009014A0 /* CoreMedia.framework in Frameworks */,
				F4EECF72177FE9BA00778578 /* MapKit.framework in Frameworks */,
				A78E9D32185D99D900ACCC54 /* FacebookSDK.framework in Frameworks */,
				A78E9D33185D99DA00ACCC54 /* Parse.framework in Frameworks */,
				F0718CD2185ACF36009014A0 /* AWSS3.framework in Frameworks */,
				F4EECF12177C99F400778578 /* UIKit.framework in Frameworks */,
				F4EECF14177C99F400778578 /* Foundation.framework in Frameworks */,
				F4EECF16177C99F400778578 /* CoreGraphics.framework in Frameworks */,
			);
			runOnlyForDeploymentPostprocessing = 0;
		};
/* End PBXFrameworksBuildPhase section */

/* Begin PBXGroup section */
		A72AB04A188A4D8100C12A74 /* Credentials */ = {
			isa = PBXGroup;
			children = (
				A72AB04B188A4D8100C12A74 /* Credentials.h */,
				A72AB04C188A4D8100C12A74 /* Credentials.m */,
			);
			path = Credentials;
			sourceTree = "<group>";
		};
		A73D5A1118653BD700087F27 /* Login */ = {
			isa = PBXGroup;
			children = (
				A73D5A1218653BF700087F27 /* LoginViewController.h */,
				A73D5A1318653BF700087F27 /* LoginViewController.m */,
				A7E995A31867D196009E48CA /* RegisterViewController.h */,
				A7E995A41867D197009E48CA /* RegisterViewController.m */,
			);
			name = Login;
			sourceTree = "<group>";
		};
		A78E9D50185DA15700ACCC54 /* External */ = {
			isa = PBXGroup;
			children = (
				F0759AB41881C6310077D387 /* MFSideMenu */,
				A78E9D51185DA16B00ACCC54 /* MBProgressHUD */,
				A78E9D54185DA16B00ACCC54 /* Reachability */,
				A78E9D57185DA16B00ACCC54 /* TTTTimeIntervalFormatter */,
			);
			name = External;
			sourceTree = "<group>";
		};
		A78E9D51185DA16B00ACCC54 /* MBProgressHUD */ = {
			isa = PBXGroup;
			children = (
				A78E9D52185DA16B00ACCC54 /* MBProgressHUD.h */,
				A78E9D53185DA16B00ACCC54 /* MBProgressHUD.m */,
			);
			name = MBProgressHUD;
			path = External/MBProgressHUD;
			sourceTree = "<group>";
		};
		A78E9D54185DA16B00ACCC54 /* Reachability */ = {
			isa = PBXGroup;
			children = (
				A78E9D55185DA16B00ACCC54 /* Reachability.h */,
				A78E9D56185DA16B00ACCC54 /* Reachability.m */,
			);
			name = Reachability;
			path = External/Reachability;
			sourceTree = "<group>";
		};
		A78E9D57185DA16B00ACCC54 /* TTTTimeIntervalFormatter */ = {
			isa = PBXGroup;
			children = (
				A78E9D58185DA16B00ACCC54 /* TTTTimeIntervalFormatter.h */,
				A78E9D59185DA16B00ACCC54 /* TTTTimeIntervalFormatter.m */,
			);
			name = TTTTimeIntervalFormatter;
			path = External/TTTTimeIntervalFormatter;
			sourceTree = "<group>";
		};
		F00006A2186BA95A00E69027 /* Message */ = {
			isa = PBXGroup;
			children = (
				F00006A4186BA98C00E69027 /* MessageListViewController.h */,
				F00006A5186BA98C00E69027 /* MessageListViewController.m */,
				F03486BA187E337A001BE459 /* FriendListViewController.h */,
				F03486BB187E337A001BE459 /* FriendListViewController.m */,
				F00006A7186BA9AC00E69027 /* MessageDetailViewController.h */,
				F00006A8186BA9AC00E69027 /* MessageDetailViewController.m */,
			);
			name = Message;
			sourceTree = "<group>";
		};
		F00006A3186BA96200E69027 /* Notification */ = {
			isa = PBXGroup;
			children = (
				F00006AB186BAA1800E69027 /* NotificationListViewController.h */,
				F00006AC186BAA1800E69027 /* NotificationListViewController.m */,
			);
			name = Notification;
			sourceTree = "<group>";
		};
		F03486CB187EEB60001BE459 /* View */ = {
			isa = PBXGroup;
			children = (
				F03486C2187E8C69001BE459 /* MessageFooterView.h */,
				F03486C3187E8C69001BE459 /* MessageFooterView.m */,
			);
			name = View;
			sourceTree = "<group>";
		};
		F03486CC187EEB7A001BE459 /* Controller */ = {
			isa = PBXGroup;
			children = (
				A73D5A1118653BD700087F27 /* Login */,
				F0759ABF1881C8EF0077D387 /* SideMenu */,
				F09EBCD218691D91009C2BC9 /* Profile */,
				F04C775D188BD4E700F56126 /* Home */,
				F00006A2186BA95A00E69027 /* Message */,
				F0718CBF185ACE8B009014A0 /* Share */,
			);
			name = Controller;
			sourceTree = "<group>";
		};
		F04C775D188BD4E700F56126 /* Home */ = {
			isa = PBXGroup;
			children = (
				F09EBCE818695566009C2BC9 /* NewsFeed */,
				F09EBCD018691D0C009C2BC9 /* Question */,
				F09EBCCF18691CF6009C2BC9 /* MyList */,
				F00006A3186BA96200E69027 /* Notification */,
			);
			name = Home;
			sourceTree = "<group>";
		};
		F04C7778188BF93100F56126 /* homeMenu */ = {
			isa = PBXGroup;
			children = (
				F04C7779188BF93100F56126 /* ico_challengeList.png */,
				F04C777A188BF93100F56126 /* ico_head_friendsList.png */,
				F04C777B188BF93100F56126 /* ico_library.png */,
				F04C777C188BF93100F56126 /* ico_notification.png */,
				F04C777D188BF93100F56126 /* ico_timeline.png */,
			);
			path = homeMenu;
			sourceTree = "<group>";
		};
		F0718CBF185ACE8B009014A0 /* Share */ = {
			isa = PBXGroup;
			children = (
				F09EBCD118691D6D009C2BC9 /* PostQuestion */,
			);
			name = Share;
			sourceTree = "<group>";
		};
		F0759AB41881C6310077D387 /* MFSideMenu */ = {
			isa = PBXGroup;
			children = (
				F0759AB51881C6310077D387 /* MFSideMenu.h */,
				F0759AB61881C6310077D387 /* MFSideMenuContainerViewController.h */,
				F0759AB71881C6310077D387 /* MFSideMenuContainerViewController.m */,
				F0759AB81881C6310077D387 /* MFSideMenuShadow.h */,
				F0759AB91881C6310077D387 /* MFSideMenuShadow.m */,
				F0759ABA1881C6310077D387 /* UIViewController+MFSideMenuAdditions.h */,
				F0759ABB1881C6310077D387 /* UIViewController+MFSideMenuAdditions.m */,
			);
			name = MFSideMenu;
			path = External/MFSideMenu;
			sourceTree = "<group>";
		};
		F0759ABF1881C8EF0077D387 /* SideMenu */ = {
			isa = PBXGroup;
			children = (
				F0759AC01881C92E0077D387 /* LeftSideMenuViewController.h */,
				F0759AC11881C92E0077D387 /* LeftSideMenuViewController.m */,
				F0759AC31881CB1C0077D387 /* RightSideMenuViewController.h */,
				F0759AC41881CB1C0077D387 /* RightSideMenuViewController.m */,
				F06E4BF51886DC9D00FB9333 /* UserProfileViewController.h */,
				F06E4BF61886DC9D00FB9333 /* UserProfileViewController.m */,
			);
			name = SideMenu;
			sourceTree = "<group>";
		};
		F09EBCCF18691CF6009C2BC9 /* MyList */ = {
			isa = PBXGroup;
			children = (
				F0A5A74B187276CD004E24A3 /* MyListViewController.h */,
				F0A5A74C187276CD004E24A3 /* MyListViewController.m */,
				F0578ECE187A723400573CD2 /* MyAnswerViewController.h */,
				F0578ECF187A723400573CD2 /* MyAnswerViewController.m */,
			);
			name = MyList;
			sourceTree = "<group>";
		};
		F09EBCD018691D0C009C2BC9 /* Question */ = {
			isa = PBXGroup;
			children = (
				F0A5A7481871D9DF004E24A3 /* QuestionListViewController.h */,
				F0A5A7491871D9DF004E24A3 /* QuestionListViewController.m */,
				F01ECFE918850563000604C3 /* QuestionDetailViewController.h */,
				F01ECFEA18850563000604C3 /* QuestionDetailViewController.m */,
			);
			name = Question;
			sourceTree = "<group>";
		};
		F09EBCD118691D6D009C2BC9 /* PostQuestion */ = {
			isa = PBXGroup;
			children = (
				F4EECF6C177FD51300778578 /* ShareViewController.h */,
				F4EECF6D177FD51300778578 /* ShareViewController.m */,
			);
			name = PostQuestion;
			sourceTree = "<group>";
		};
		F09EBCD218691D91009C2BC9 /* Profile */ = {
			isa = PBXGroup;
			children = (
				F09EBCE118694164009C2BC9 /* SettingViewController.h */,
				F4EECF74177FF90600778578 /* SettingViewController.m */,
				F03486CD1880166D001BE459 /* PushPermissionViewController.h */,
				F03486CE1880166D001BE459 /* PushPermissionViewController.m */,
			);
			name = Profile;
			sourceTree = "<group>";
		};
		F09EBCE818695566009C2BC9 /* NewsFeed */ = {
			isa = PBXGroup;
			children = (
				F0A5A75018729E01004E24A3 /* MainViewController.h */,
				F0A5A75118729E01004E24A3 /* MainViewController.m */,
				F0DDAB82187BD460002BDC67 /* VideoViewController.h */,
				F0DDAB83187BD460002BDC67 /* VideoViewController.m */,
				A72C52C318700B1A00DE8BEC /* TakeReviewViewController.h */,
				A72C52C418700B1A00DE8BEC /* TakeReviewViewController.m */,
				F06E4BF218864EA100FB9333 /* ReviewDetailViewController.h */,
				F06E4BF318864EA100FB9333 /* ReviewDetailViewController.m */,
				A72AB04E188A82F600C12A74 /* FindFriendViewController.h */,
				A72AB04F188A82F600C12A74 /* FindFriendViewController.m */,
				A72AB051188A876E00C12A74 /* FindFriendCell.h */,
				A72AB052188A876E00C12A74 /* FindFriendCell.m */,
			);
			name = NewsFeed;
			sourceTree = "<group>";
		};
		F4EECF05177C99F400778578 = {
			isa = PBXGroup;
			children = (
				A78E9D50185DA15700ACCC54 /* External */,
				F4EECF17177C99F400778578 /* Presentice */,
				F4EECF10177C99F400778578 /* Frameworks */,
				F4EECF0F177C99F400778578 /* Products */,
			);
			sourceTree = "<group>";
		};
		F4EECF0F177C99F400778578 /* Products */ = {
			isa = PBXGroup;
			children = (
				F4EECF0E177C99F400778578 /* Presentice.app */,
			);
			name = Products;
			sourceTree = "<group>";
		};
		F4EECF10177C99F400778578 /* Frameworks */ = {
			isa = PBXGroup;
			children = (
				F4EECF71177FE9BA00778578 /* MapKit.framework */,
				F4EECF6F177FE9B400778578 /* CoreLocation.framework */,
				A78E9D4E185D9F2C00ACCC54 /* CFNetwork.framework */,
				A78E9D4C185D9F2700ACCC54 /* SystemConfiguration.framework */,
				A78E9D4A185D9F1300ACCC54 /* AudioToolbox.framework */,
				A78E9D48185D9F0900ACCC54 /* Security.framework */,
				A78E9D46185D9EEF00ACCC54 /* ImageIO.framework */,
				A78E9D44185D9EDF00ACCC54 /* MessageUI.framework */,
				A78E9D42185D9ED700ACCC54 /* AddressBookUI.framework */,
				A78E9D40185D9ECE00ACCC54 /* AddressBook.framework */,
				A78E9D3E185D9EBE00ACCC54 /* Accounts.framework */,
				A78E9D3C185D9EB600ACCC54 /* libz.1.1.3.dylib */,
				A78E9D3A185D9EAD00ACCC54 /* libsqlite3.dylib */,
				A78E9D38185D9E9900ACCC54 /* Social.framework */,
				A78E9D36185D9E9100ACCC54 /* AdSupport.framework */,
				A78E9D34185D9E8800ACCC54 /* StoreKit.framework */,
				A78E9D2E185D99D900ACCC54 /* FacebookSDKResources.bundle */,
				A78E9D2F185D99D900ACCC54 /* FacebookSDK.framework */,
				A78E9D30185D99D900ACCC54 /* Parse.framework */,
				F0718CCF185ACF36009014A0 /* AWSRuntime.framework */,
				F0718CD0185ACF36009014A0 /* AWSS3.framework */,
				F0718CCD185ACEFC009014A0 /* AssetsLibrary.framework */,
				F0718CCB185ACEF3009014A0 /* MobileCoreServices.framework */,
				F0718CC9185ACEE7009014A0 /* MediaPlayer.framework */,
				F0718CC7185ACEDD009014A0 /* AVFoundation.framework */,
				F0718CC5185ACED5009014A0 /* CoreMedia.framework */,
				F0718CC3185ACECC009014A0 /* QuartzCore.framework */,
				F4EECF11177C99F400778578 /* UIKit.framework */,
				F4EECF13177C99F400778578 /* Foundation.framework */,
				F4EECF15177C99F400778578 /* CoreGraphics.framework */,
			);
			name = Frameworks;
			sourceTree = "<group>";
		};
		F4EECF17177C99F400778578 /* Presentice */ = {
			isa = PBXGroup;
			children = (
				A72AB04A188A4D8100C12A74 /* Credentials */,
				F4EECF29177C99F400778578 /* MainStoryboard.storyboard */,
				F03486CC187EEB7A001BE459 /* Controller */,
				F03486CB187EEB60001BE459 /* View */,
				F4EECF18177C99F400778578 /* Supporting Files */,
			);
			path = Presentice;
			sourceTree = "<group>";
		};
		F4EECF18177C99F400778578 /* Supporting Files */ = {
			isa = PBXGroup;
			children = (
				F4EECF34177C9A1E00778578 /* Library */,
				F4EECF19177C99F400778578 /* Presentice-Info.plist */,
				F4EECF1A177C99F400778578 /* InfoPlist.strings */,
				F4EECF1D177C99F400778578 /* main.m */,
				F4EECF1F177C99F400778578 /* Presentice-Prefix.pch */,
				F4EECF20177C99F400778578 /* AppDelegate.h */,
				F4EECF21177C99F400778578 /* AppDelegate.m */,
				F4EECF48177DF87700778578 /* SidebarViewController.h */,
				F4EECF49177DF87700778578 /* SidebarViewController.m */,
				F0718CBB185ACE27009014A0 /* Constants.h */,
				F0718CBC185ACE27009014A0 /* Constants.m */,
				F03486C5187E8D80001BE459 /* PresenticeUtitily.h */,
				F03486C6187E8D80001BE459 /* PresenticeUtitily.m */,
				F4EECF53177F37CB00778578 /* Images */,
				A72AB054188A8D3700C12A74 /* PresenticeCache.h */,
				A72AB055188A8D3700C12A74 /* PresenticeCache.m */,
			);
			name = "Supporting Files";
			sourceTree = "<group>";
		};
		F4EECF34177C9A1E00778578 /* Library */ = {
			isa = PBXGroup;
			children = (
				F0718CAE185ABF23009014A0 /* SWRevealViewController.h */,
				F0718CAF185ABF23009014A0 /* SWRevealViewController.m */,
				A72C52C0186FF56D00DE8BEC /* Validate.h */,
				A72C52C1186FF56D00DE8BEC /* Validate.m */,
			);
			name = Library;
			sourceTree = "<group>";
		};
		F4EECF53177F37CB00778578 /* Images */ = {
			isa = PBXGroup;
			children = (
				F04C7778188BF93100F56126 /* homeMenu */,
				F04C775B188BCC6B00F56126 /* ico_profile_on.png */,
				F04C7759188BCC0D00F56126 /* ico_profile.png */,
				F04C7751188BC3E000F56126 /* menu_home_on.png */,
				F04C7752188BC3E000F56126 /* menu_message_on.png */,
				F04C7753188BC3E000F56126 /* menu_profile_on.png */,
				F04C7754188BC3E000F56126 /* menu_setting_on.png */,
				F04C7749188BC3CD00F56126 /* menu_home.png */,
				F04C774A188BC3CD00F56126 /* menu_message.png */,
				F04C774B188BC3CD00F56126 /* menu_profile.png */,
				F04C774C188BC3CD00F56126 /* menu_setting.png */,
				F04C7739188BC12900F56126 /* ico_home_on.png */,
				F04C773A188BC12900F56126 /* ico_message_on.png */,
				F04C773C188BC12900F56126 /* ico_setting_on.png */,
				F04C772D188BC01400F56126 /* ico_home.png */,
				F04C772E188BC01400F56126 /* ico_message.png */,
				F04C772F188BC01400F56126 /* ico_setting.png */,
				F00006B6186EB9BF00E69027 /* icon_1.png */,
				F00006B7186EB9BF00E69027 /* icon_2.png */,
				F0FA8BAE188C9F8700C688C3 /* Default.png */,
				F04C7775188BE96500F56126 /* Default@2x.png */,
				F04C7774188BE96500F56126 /* Default-568h@2x.png */,
				F0718CB1185AC168009014A0 /* icon.png */,
				F4EECF68177F4C0200778578 /* menu.png */,
				F4EECF69177F4C0200778578 /* menu@2x.png */,
				F4EECF65177F4AB000778578 /* nav_bg.png */,
			);
			name = Images;
			sourceTree = "<group>";
		};
/* End PBXGroup section */

/* Begin PBXNativeTarget section */
		F4EECF0D177C99F400778578 /* Presentice */ = {
			isa = PBXNativeTarget;
			buildConfigurationList = F4EECF31177C99F400778578 /* Build configuration list for PBXNativeTarget "Presentice" */;
			buildPhases = (
				F4EECF0A177C99F400778578 /* Sources */,
				F4EECF0B177C99F400778578 /* Frameworks */,
				F4EECF0C177C99F400778578 /* Resources */,
			);
			buildRules = (
			);
			dependencies = (
			);
			name = Presentice;
			productName = SidebarDemo;
			productReference = F4EECF0E177C99F400778578 /* Presentice.app */;
			productType = "com.apple.product-type.application";
		};
/* End PBXNativeTarget section */

/* Begin PBXProject section */
		F4EECF06177C99F400778578 /* Project object */ = {
			isa = PBXProject;
			attributes = {
				LastUpgradeCheck = 0460;
				ORGANIZATIONNAME = Presentice;
				TargetAttributes = {
					F4EECF0D177C99F400778578 = {
						DevelopmentTeam = FYF5789L32;
						SystemCapabilities = {
							com.apple.BackgroundModes = {
								enabled = 1;
							};
						};
					};
				};
			};
			buildConfigurationList = F4EECF09177C99F400778578 /* Build configuration list for PBXProject "Presentice" */;
			compatibilityVersion = "Xcode 3.2";
			developmentRegion = English;
			hasScannedForEncodings = 0;
			knownRegions = (
				en,
			);
			mainGroup = F4EECF05177C99F400778578;
			productRefGroup = F4EECF0F177C99F400778578 /* Products */;
			projectDirPath = "";
			projectRoot = "";
			targets = (
				F4EECF0D177C99F400778578 /* Presentice */,
			);
		};
/* End PBXProject section */

/* Begin PBXResourcesBuildPhase section */
		F4EECF0C177C99F400778578 /* Resources */ = {
			isa = PBXResourcesBuildPhase;
			buildActionMask = 2147483647;
			files = (
				F04C7735188BC01400F56126 /* ico_setting.png in Resources */,
				F4EECF1C177C99F400778578 /* InfoPlist.strings in Resources */,
				F04C774F188BC3CD00F56126 /* menu_profile.png in Resources */,
				F04C7755188BC3E000F56126 /* menu_home_on.png in Resources */,
				F00006B8186EB9BF00E69027 /* icon_1.png in Resources */,
				F04C775A188BCC0D00F56126 /* ico_profile.png in Resources */,
				F04C7734188BC01400F56126 /* ico_message.png in Resources */,
				F04C7781188BF93100F56126 /* ico_notification.png in Resources */,
				F04C777E188BF93100F56126 /* ico_challengeList.png in Resources */,
				F04C7741188BC12900F56126 /* ico_message_on.png in Resources */,
				F0FA8BAF188C9F8700C688C3 /* Default.png in Resources */,
				F04C774D188BC3CD00F56126 /* menu_home.png in Resources */,
				F04C775C188BCC6B00F56126 /* ico_profile_on.png in Resources */,
				A747D5C21882817600FD9CF7 /* MainStoryboard.storyboard in Resources */,
				F0718CB6185AC168009014A0 /* icon.png in Resources */,
				F04C7780188BF93100F56126 /* ico_library.png in Resources */,
				F04C7757188BC3E000F56126 /* menu_profile_on.png in Resources */,
				F04C7758188BC3E000F56126 /* menu_setting_on.png in Resources */,
				F04C7740188BC12900F56126 /* ico_home_on.png in Resources */,
				F04C777F188BF93100F56126 /* ico_head_friendsList.png in Resources */,
				A78E9D31185D99D900ACCC54 /* FacebookSDKResources.bundle in Resources */,
				F00006B9186EB9BF00E69027 /* icon_2.png in Resources */,
				F4EECF67177F4AB000778578 /* nav_bg.png in Resources */,
				F04C7743188BC12900F56126 /* ico_setting_on.png in Resources */,
				F04C7782188BF93100F56126 /* ico_timeline.png in Resources */,
				F04C774E188BC3CD00F56126 /* menu_message.png in Resources */,
				F04C7777188BE96500F56126 /* Default@2x.png in Resources */,
				F4EECF6A177F4C0200778578 /* menu.png in Resources */,
				F04C7776188BE96500F56126 /* Default-568h@2x.png in Resources */,
				F4EECF6B177F4C0200778578 /* menu@2x.png in Resources */,
				F04C7750188BC3CD00F56126 /* menu_setting.png in Resources */,
				F04C7756188BC3E000F56126 /* menu_message_on.png in Resources */,
				F04C7733188BC01400F56126 /* ico_home.png in Resources */,
			);
			runOnlyForDeploymentPostprocessing = 0;
		};
/* End PBXResourcesBuildPhase section */

/* Begin PBXSourcesBuildPhase section */
		F4EECF0A177C99F400778578 /* Sources */ = {
			isa = PBXSourcesBuildPhase;
			buildActionMask = 2147483647;
			files = (
				F0718CB0185ABF23009014A0 /* SWRevealViewController.m in Sources */,
				F00006A6186BA98C00E69027 /* MessageListViewController.m in Sources */,
				A78E9D5C185DA16B00ACCC54 /* TTTTimeIntervalFormatter.m in Sources */,
				F00006A9186BA9AC00E69027 /* MessageDetailViewController.m in Sources */,
				F0A5A74A1871D9DF004E24A3 /* QuestionListViewController.m in Sources */,
				A73D5A1418653BF700087F27 /* LoginViewController.m in Sources */,
				F4EECF1E177C99F400778578 /* main.m in Sources */,
				F00006AD186BAA1800E69027 /* NotificationListViewController.m in Sources */,
				F4EECF22177C99F400778578 /* AppDelegate.m in Sources */,
				F06E4BF71886DC9D00FB9333 /* UserProfileViewController.m in Sources */,
				A78E9D5B185DA16B00ACCC54 /* Reachability.m in Sources */,
				F0718CBD185ACE27009014A0 /* Constants.m in Sources */,
				F0759ABD1881C6310077D387 /* MFSideMenuShadow.m in Sources */,
				F03486C4187E8C69001BE459 /* MessageFooterView.m in Sources */,
				A72C52C518700B1B00DE8BEC /* TakeReviewViewController.m in Sources */,
				F0578ED0187A723400573CD2 /* MyAnswerViewController.m in Sources */,
				A72C52C2186FF56D00DE8BEC /* Validate.m in Sources */,
				F0A5A75218729E01004E24A3 /* MainViewController.m in Sources */,
				F0759AC21881C92E0077D387 /* LeftSideMenuViewController.m in Sources */,
				A72AB056188A8D3800C12A74 /* PresenticeCache.m in Sources */,
				F03486BC187E337A001BE459 /* FriendListViewController.m in Sources */,
				F0A5A74D187276CD004E24A3 /* MyListViewController.m in Sources */,
				F0759AC51881CB1C0077D387 /* RightSideMenuViewController.m in Sources */,
				F0759ABC1881C6310077D387 /* MFSideMenuContainerViewController.m in Sources */,
				F0759ABE1881C6310077D387 /* UIViewController+MFSideMenuAdditions.m in Sources */,
				A72AB050188A82F600C12A74 /* FindFriendViewController.m in Sources */,
				F4EECF4A177DF87700778578 /* SidebarViewController.m in Sources */,
				F01ECFEB18850563000604C3 /* QuestionDetailViewController.m in Sources */,
				A78E9D5A185DA16B00ACCC54 /* MBProgressHUD.m in Sources */,
				A72AB04D188A4D8100C12A74 /* Credentials.m in Sources */,
				F06E4BF418864EA100FB9333 /* ReviewDetailViewController.m in Sources */,
				F03486C7187E8D80001BE459 /* PresenticeUtitily.m in Sources */,
				A72AB053188A876E00C12A74 /* FindFriendCell.m in Sources */,
				A7E995A51867D197009E48CA /* RegisterViewController.m in Sources */,
				F4EECF6E177FD51400778578 /* ShareViewController.m in Sources */,
				F0DDAB84187BD460002BDC67 /* VideoViewController.m in Sources */,
				F03486CF1880166D001BE459 /* PushPermissionViewController.m in Sources */,
				F4EECF75177FF90600778578 /* SettingViewController.m in Sources */,
			);
			runOnlyForDeploymentPostprocessing = 0;
		};
/* End PBXSourcesBuildPhase section */

/* Begin PBXVariantGroup section */
		F4EECF1A177C99F400778578 /* InfoPlist.strings */ = {
			isa = PBXVariantGroup;
			children = (
				F4EECF1B177C99F400778578 /* en */,
			);
			name = InfoPlist.strings;
			sourceTree = "<group>";
		};
		F4EECF29177C99F400778578 /* MainStoryboard.storyboard */ = {
			isa = PBXVariantGroup;
			children = (
				F4EECF2A177C99F400778578 /* en */,
			);
			name = MainStoryboard.storyboard;
			sourceTree = "<group>";
		};
/* End PBXVariantGroup section */

/* Begin XCBuildConfiguration section */
		F4EECF2F177C99F400778578 /* Debug */ = {
			isa = XCBuildConfiguration;
			buildSettings = {
				ALWAYS_SEARCH_USER_PATHS = NO;
				CLANG_CXX_LANGUAGE_STANDARD = "gnu++0x";
				CLANG_CXX_LIBRARY = "libc++";
				CLANG_ENABLE_OBJC_ARC = YES;
				CLANG_WARN_CONSTANT_CONVERSION = YES;
				CLANG_WARN_EMPTY_BODY = YES;
				CLANG_WARN_ENUM_CONVERSION = YES;
				CLANG_WARN_INT_CONVERSION = YES;
				CLANG_WARN__DUPLICATE_METHOD_MATCH = YES;
				CODE_SIGN_IDENTITY = "iPhone Developer: Phuoc Dai Le (55J4ZRXS3W)";
				"CODE_SIGN_IDENTITY[sdk=iphoneos*]" = "iPhone Developer: Phuoc Dai Le (55J4ZRXS3W)";
				COPY_PHASE_STRIP = NO;
				GCC_C_LANGUAGE_STANDARD = gnu99;
				GCC_DYNAMIC_NO_PIC = NO;
				GCC_OPTIMIZATION_LEVEL = 0;
				GCC_PREPROCESSOR_DEFINITIONS = (
					"DEBUG=1",
					"$(inherited)",
				);
				GCC_SYMBOLS_PRIVATE_EXTERN = NO;
				GCC_WARN_ABOUT_RETURN_TYPE = YES;
				GCC_WARN_UNINITIALIZED_AUTOS = YES;
				GCC_WARN_UNUSED_VARIABLE = YES;
				HEADER_SEARCH_PATHS = (
					"$(inherited)",
					/Applications/Xcode.app/Contents/Developer/Toolchains/XcodeDefault.xctoolchain/usr/include,
					"/Users/phuongnq/startup/github/iOSsample/Presentice/External/**",
				);
				IPHONEOS_DEPLOYMENT_TARGET = 6.0;
				ONLY_ACTIVE_ARCH = YES;
				PROVISIONING_PROFILE = "6FFF1F59-56DD-44CC-8D8F-3071BD105391";
				SDKROOT = iphoneos;
			};
			name = Debug;
		};
		F4EECF30177C99F400778578 /* Release */ = {
			isa = XCBuildConfiguration;
			buildSettings = {
				ALWAYS_SEARCH_USER_PATHS = NO;
				CLANG_CXX_LANGUAGE_STANDARD = "gnu++0x";
				CLANG_CXX_LIBRARY = "libc++";
				CLANG_ENABLE_OBJC_ARC = YES;
				CLANG_WARN_CONSTANT_CONVERSION = YES;
				CLANG_WARN_EMPTY_BODY = YES;
				CLANG_WARN_ENUM_CONVERSION = YES;
				CLANG_WARN_INT_CONVERSION = YES;
				CLANG_WARN__DUPLICATE_METHOD_MATCH = YES;
				CODE_SIGN_IDENTITY = "iPhone Developer: Phuoc Dai Le (55J4ZRXS3W)";
				"CODE_SIGN_IDENTITY[sdk=iphoneos*]" = "iPhone Developer: Phuoc Dai Le (55J4ZRXS3W)";
				COPY_PHASE_STRIP = YES;
				GCC_C_LANGUAGE_STANDARD = gnu99;
				GCC_WARN_ABOUT_RETURN_TYPE = YES;
				GCC_WARN_UNINITIALIZED_AUTOS = YES;
				GCC_WARN_UNUSED_VARIABLE = YES;
				HEADER_SEARCH_PATHS = (
					"$(inherited)",
					/Applications/Xcode.app/Contents/Developer/Toolchains/XcodeDefault.xctoolchain/usr/include,
					"/Users/phuongnq/startup/github/iOSsample/Presentice/External/**",
				);
				IPHONEOS_DEPLOYMENT_TARGET = 6.0;
				OTHER_CFLAGS = "-DNS_BLOCK_ASSERTIONS=1";
				PROVISIONING_PROFILE = "6FFF1F59-56DD-44CC-8D8F-3071BD105391";
				SDKROOT = iphoneos;
				VALIDATE_PRODUCT = YES;
			};
			name = Release;
		};
		F4EECF32177C99F400778578 /* Debug */ = {
			isa = XCBuildConfiguration;
			buildSettings = {
				ALWAYS_SEARCH_USER_PATHS = NO;
				CODE_SIGN_IDENTITY = "iPhone Developer";
				"CODE_SIGN_IDENTITY[sdk=iphoneos*]" = "iPhone Developer";
				FRAMEWORK_SEARCH_PATHS = (
					"$(SRCROOT)/Presentice/**",
					"$(SRCROOT)/External/**",
				);
				GCC_PRECOMPILE_PREFIX_HEADER = YES;
				GCC_PREFIX_HEADER = "Presentice/Presentice-Prefix.pch";
				HEADER_SEARCH_PATHS = (
					"$(inherited)",
					/Applications/Xcode.app/Contents/Developer/Toolchains/XcodeDefault.xctoolchain/usr/include,
					"/Users/phuongnq/startup/github/iOSsample/Presentice/**",
				);
				INFOPLIST_FILE = "Presentice/Presentice-Info.plist";
				IPHONEOS_DEPLOYMENT_TARGET = 7.0;
				PRODUCT_NAME = Presentice;
				PROVISIONING_PROFILE = "6FFF1F59-56DD-44CC-8D8F-3071BD105391";
				WRAPPER_EXTENSION = app;
			};
			name = Debug;
		};
		F4EECF33177C99F400778578 /* Release */ = {
			isa = XCBuildConfiguration;
			buildSettings = {
				ALWAYS_SEARCH_USER_PATHS = NO;
				CODE_SIGN_IDENTITY = "iPhone Developer";
				"CODE_SIGN_IDENTITY[sdk=iphoneos*]" = "iPhone Developer";
				FRAMEWORK_SEARCH_PATHS = (
					"$(SRCROOT)/Presentice/**",
					"$(SRCROOT)/External/**",
				);
				GCC_PRECOMPILE_PREFIX_HEADER = YES;
				GCC_PREFIX_HEADER = "Presentice/Presentice-Prefix.pch";
				HEADER_SEARCH_PATHS = (
					"$(inherited)",
					/Applications/Xcode.app/Contents/Developer/Toolchains/XcodeDefault.xctoolchain/usr/include,
					"/Users/phuongnq/startup/github/iOSsample/Presentice/**",
				);
				INFOPLIST_FILE = "Presentice/Presentice-Info.plist";
				IPHONEOS_DEPLOYMENT_TARGET = 7.0;
				PRODUCT_NAME = Presentice;
				PROVISIONING_PROFILE = "6FFF1F59-56DD-44CC-8D8F-3071BD105391";
				WRAPPER_EXTENSION = app;
			};
			name = Release;
		};
/* End XCBuildConfiguration section */

/* Begin XCConfigurationList section */
		F4EECF09177C99F400778578 /* Build configuration list for PBXProject "Presentice" */ = {
			isa = XCConfigurationList;
			buildConfigurations = (
				F4EECF2F177C99F400778578 /* Debug */,
				F4EECF30177C99F400778578 /* Release */,
			);
			defaultConfigurationIsVisible = 0;
			defaultConfigurationName = Release;
		};
		F4EECF31177C99F400778578 /* Build configuration list for PBXNativeTarget "Presentice" */ = {
			isa = XCConfigurationList;
			buildConfigurations = (
				F4EECF32177C99F400778578 /* Debug */,
				F4EECF33177C99F400778578 /* Release */,
			);
			defaultConfigurationIsVisible = 0;
			defaultConfigurationName = Release;
		};
/* End XCConfigurationList section */
	};
	rootObject = F4EECF06177C99F400778578 /* Project object */;
}
